<Solution>
  <Configurations>
    <Platform Name="x64" />
  </Configurations>
  <Folder Name="/Solution Items/">
    <File Path=".editorconfig" />
    <File Path="Directory.Build.props" />
    <File Path="Directory.Build.targets" />
    <File Path="LICENSE.txt" />
    <File Path="NuGet.config" />
    <File Path="README.md" />
  </Folder>
  <Project Path="Unity.XR.Hands/Unity.XR.Hands.csproj">
    <Platform Project="x64" />
  </Project>
</Solution>
